// !$*UTF8*$!
{
	archiveVersion = 1;
	classes = {
	};
	objectVersion = 46;
	objects = {

/* Begin PBXBuildFile section */
		83A32E8B1B683F9B008D3650 /* AppDelegate.swift in Sources */ = {isa = PBXBuildFile; fileRef = 83A32E8A1B683F9B008D3650 /* AppDelegate.swift */; };
		83A32E8D1B683F9B008D3650 /* ListViewController.swift in Sources */ = {isa = PBXBuildFile; fileRef = 83A32E8C1B683F9B008D3650 /* ListViewController.swift */; };
		83A32E901B683F9B008D3650 /* Main.storyboard in Resources */ = {isa = PBXBuildFile; fileRef = 83A32E8E1B683F9B008D3650 /* Main.storyboard */; };
		83A32E921B683F9B008D3650 /* Images.xcassets in Resources */ = {isa = PBXBuildFile; fileRef = 83A32E911B683F9B008D3650 /* Images.xcassets */; };
		83A32E951B683F9B008D3650 /* LaunchScreen.xib in Resources */ = {isa = PBXBuildFile; fileRef = 83A32E931B683F9B008D3650 /* LaunchScreen.xib */; };
		83A32EA11B683F9B008D3650 /* UISearchControllerDemoTests.swift in Sources */ = {isa = PBXBuildFile; fileRef = 83A32EA01B683F9B008D3650 /* UISearchControllerDemoTests.swift */; };
		83A32EAD1B6874E8008D3650 /* SearchTableViewController.swift in Sources */ = {isa = PBXBuildFile; fileRef = 83A32EAC1B6874E8008D3650 /* SearchTableViewController.swift */; };
		83A32EAF1B687FE6008D3650 /* Person.swift in Sources */ = {isa = PBXBuildFile; fileRef = 83A32EAE1B687FE6008D3650 /* Person.swift */; };
/* End PBXBuildFile section */

/* Begin PBXContainerItemProxy section */
		83A32E9B1B683F9B008D3650 /* PBXContainerItemProxy */ = {
			isa = PBXContainerItemProxy;
			containerPortal = 83A32E7D1B683F9B008D3650 /* Project object */;
			proxyType = 1;
			remoteGlobalIDString = 83A32E841B683F9B008D3650;
			remoteInfo = UISearchControllerDemo;
		};
/* End PBXContainerItemProxy section */

/* Begin PBXFileReference section */
		83A32E851B683F9B008D3650 /* UISearchControllerDemo.app */ = {isa = PBXFileReference; explicitFileType = wrapper.application; includeInIndex = 0; path = UISearchControllerDemo.app; sourceTree = BUILT_PRODUCTS_DIR; };
		83A32E891B683F9B008D3650 /* Info.plist */ = {isa = PBXFileReference; lastKnownFileType = text.plist.xml; path = Info.plist; sourceTree = "<group>"; };
		83A32E8A1B683F9B008D3650 /* AppDelegate.swift */ = {isa = PBXFileReference; lastKnownFileType = sourcecode.swift; path = AppDelegate.swift; sourceTree = "<group>"; };
		83A32E8C1B683F9B008D3650 /* ListViewController.swift */ = {isa = PBXFileReference; lastKnownFileType = sourcecode.swift; path = ListViewController.swift; sourceTree = "<group>"; };
		83A32E8F1B683F9B008D3650 /* Base */ = {isa = PBXFileReference; lastKnownFileType = file.storyboard; name = Base; path = Base.lproj/Main.storyboard; sourceTree = "<group>"; };
		83A32E911B683F9B008D3650 /* Images.xcassets */ = {isa = PBXFileReference; lastKnownFileType = folder.assetcatalog; path = Images.xcassets; sourceTree = "<group>"; };
		83A32E941B683F9B008D3650 /* Base */ = {isa = PBXFileReference; lastKnownFileType = file.xib; name = Base; path = Base.lproj/LaunchScreen.xib; sourceTree = "<group>"; };
		83A32E9A1B683F9B008D3650 /* UISearchControllerDemoTests.xctest */ = {isa = PBXFileReference; explicitFileType = wrapper.cfbundle; includeInIndex = 0; path = UISearchControllerDemoTests.xctest; sourceTree = BUILT_PRODUCTS_DIR; };
		83A32E9F1B683F9B008D3650 /* Info.plist */ = {isa = PBXFileReference; lastKnownFileType = text.plist.xml; path = Info.plist; sourceTree = "<group>"; };
		83A32EA01B683F9B008D3650 /* UISearchControllerDemoTests.swift */ = {isa = PBXFileReference; lastKnownFileType = sourcecode.swift; path = UISearchControllerDemoTests.swift; sourceTree = "<group>"; };
		83A32EAC1B6874E8008D3650 /* SearchTableViewController.swift */ = {isa = PBXFileReference; fileEncoding = 4; lastKnownFileType = sourcecode.swift; path = SearchTableViewController.swift; sourceTree = "<group>"; };
		83A32EAE1B687FE6008D3650 /* Person.swift */ = {isa = PBXFileReference; fileEncoding = 4; lastKnownFileType = sourcecode.swift; path = Person.swift; sourceTree = "<group>"; };
/* End PBXFileReference section */

/* Begin PBXFrameworksBuildPhase section */
		83A32E821B683F9B008D3650 /* Frameworks */ = {
			isa = PBXFrameworksBuildPhase;
			buildActionMask = 2147483647;
			files = (
			);
			runOnlyForDeploymentPostprocessing = 0;
		};
		83A32E971B683F9B008D3650 /* Frameworks */ = {
			isa = PBXFrameworksBuildPhase;
			buildActionMask = 2147483647;
			files = (
			);
			runOnlyForDeploymentPostprocessing = 0;
		};
/* End PBXFrameworksBuildPhase section */

/* Begin PBXGroup section */
		83A32E7C1B683F9B008D3650 = {
			isa = PBXGroup;
			children = (
				83A32E871B683F9B008D3650 /* UISearchControllerDemo */,
				83A32E9D1B683F9B008D3650 /* UISearchControllerDemoTests */,
				83A32E861B683F9B008D3650 /* Products */,
			);
			sourceTree = "<group>";
		};
		83A32E861B683F9B008D3650 /* Products */ = {
			isa = PBXGroup;
			children = (
				83A32E851B683F9B008D3650 /* UISearchControllerDemo.app */,
				83A32E9A1B683F9B008D3650 /* UISearchControllerDemoTests.xctest */,
			);
			name = Products;
			sourceTree = "<group>";
		};
		83A32E871B683F9B008D3650 /* UISearchControllerDemo */ = {
			isa = PBXGroup;
			children = (
				83A32E8A1B683F9B008D3650 /* AppDelegate.swift */,
				83A32E8C1B683F9B008D3650 /* ListViewController.swift */,
				83A32EAC1B6874E8008D3650 /* SearchTableViewController.swift */,
				83A32EAE1B687FE6008D3650 /* Person.swift */,
				83A32E8E1B683F9B008D3650 /* Main.storyboard */,
				83A32E911B683F9B008D3650 /* Images.xcassets */,
				83A32E931B683F9B008D3650 /* LaunchScreen.xib */,
				83A32E881B683F9B008D3650 /* Supporting Files */,
			);
			path = UISearchControllerDemo;
			sourceTree = "<group>";
		};
		83A32E881B683F9B008D3650 /* Supporting Files */ = {
			isa = PBXGroup;
			children = (
				83A32E891B683F9B008D3650 /* Info.plist */,
			);
			name = "Supporting Files";
			sourceTree = "<group>";
		};
		83A32E9D1B683F9B008D3650 /* UISearchControllerDemoTests */ = {
			isa = PBXGroup;
			children = (
				83A32EA01B683F9B008D3650 /* UISearchControllerDemoTests.swift */,
				83A32E9E1B683F9B008D3650 /* Supporting Files */,
			);
			path = UISearchControllerDemoTests;
			sourceTree = "<group>";
		};
		83A32E9E1B683F9B008D3650 /* Supporting Files */ = {
			isa = PBXGroup;
			children = (
				83A32E9F1B683F9B008D3650 /* Info.plist */,
			);
			name = "Supporting Files";
			sourceTree = "<group>";
		};
/* End PBXGroup section */

/* Begin PBXNativeTarget section */
		83A32E841B683F9B008D3650 /* UISearchControllerDemo */ = {
			isa = PBXNativeTarget;
			buildConfigurationList = 83A32EA41B683F9B008D3650 /* Build configuration list for PBXNativeTarget "UISearchControllerDemo" */;
			buildPhases = (
				83A32E811B683F9B008D3650 /* Sources */,
				83A32E821B683F9B008D3650 /* Frameworks */,
				83A32E831B683F9B008D3650 /* Resources */,
			);
			buildRules = (
			);
			dependencies = (
			);
			name = UISearchControllerDemo;
			productName = UISearchControllerDemo;
			productReference = 83A32E851B683F9B008D3650 /* UISearchControllerDemo.app */;
			productType = "com.apple.product-type.application";
		};
		83A32E991B683F9B008D3650 /* UISearchControllerDemoTests */ = {
			isa = PBXNativeTarget;
			buildConfigurationList = 83A32EA71B683F9B008D3650 /* Build configuration list for PBXNativeTarget "UISearchControllerDemoTests" */;
			buildPhases = (
				83A32E961B683F9B008D3650 /* Sources */,
				83A32E971B683F9B008D3650 /* Frameworks */,
				83A32E981B683F9B008D3650 /* Resources */,
			);
			buildRules = (
			);
			dependencies = (
				83A32E9C1B683F9B008D3650 /* PBXTargetDependency */,
			);
			name = UISearchControllerDemoTests;
			productName = UISearchControllerDemoTests;
			productReference = 83A32E9A1B683F9B008D3650 /* UISearchControllerDemoTests.xctest */;
			productType = "com.apple.product-type.bundle.unit-test";
		};
/* End PBXNativeTarget section */

/* Begin PBXProject section */
		83A32E7D1B683F9B008D3650 /* Project object */ = {
			isa = PBXProject;
			attributes = {
				LastUpgradeCheck = 0640;
				ORGANIZATIONNAME = "Chris Orcutt";
				TargetAttributes = {
					83A32E841B683F9B008D3650 = {
						CreatedOnToolsVersion = 6.4;
					};
					83A32E991B683F9B008D3650 = {
						CreatedOnToolsVersion = 6.4;
						TestTargetID = 83A32E841B683F9B008D3650;
					};
				};
			};
			buildConfigurationList = 83A32E801B683F9B008D3650 /* Build configuration list for PBXProject "UISearchControllerDemo" */;
			compatibilityVersion = "Xcode 3.2";
			developmentRegion = English;
			hasScannedForEncodings = 0;
			knownRegions = (
				en,
				Base,
			);
			mainGroup = 83A32E7C1B683F9B008D3650;
			productRefGroup = 83A32E861B683F9B008D3650 /* Products */;
			projectDirPath = "";
			projectRoot = "";
			targets = (
				83A32E841B683F9B008D3650 /* UISearchControllerDemo */,
				83A32E991B683F9B008D3650 /* UISearchControllerDemoTests */,
			);
		};
/* End PBXProject section */

/* Begin PBXResourcesBuildPhase section */
		83A32E831B683F9B008D3650 /* Resources */ = {
			isa = PBXResourcesBuildPhase;
			buildActionMask = 2147483647;
			files = (
				83A32E901B683F9B008D3650 /* Main.storyboard in Resources */,
				83A32E951B683F9B008D3650 /* LaunchScreen.xib in Resources */,
				83A32E921B683F9B008D3650 /* Images.xcassets in Resources */,
			);
			runOnlyForDeploymentPostprocessing = 0;
		};
		83A32E981B683F9B008D3650 /* Resources */ = {
			isa = PBXResourcesBuildPhase;
			buildActionMask = 2147483647;
			files = (
			);
			runOnlyForDeploymentPostprocessing = 0;
		};
/* End PBXResourcesBuildPhase section */

/* Begin PBXSourcesBuildPhase section */
		83A32E811B683F9B008D3650 /* Sources */ = {
			isa = PBXSourcesBuildPhase;
			buildActionMask = 2147483647;
			files = (
				83A32EAF1B687FE6008D3650 /* Person.swift in Sources */,
				83A32E8D1B683F9B008D3650 /* ListViewController.swift in Sources */,
				83A32EAD1B6874E8008D3650 /* SearchTableViewController.swift in Sources */,
				83A32E8B1B683F9B008D3650 /* AppDelegate.swift in Sources */,
			);
			runOnlyForDeploymentPostprocessing = 0;
		};
		83A32E961B683F9B008D3650 /* Sources */ = {
			isa = PBXSourcesBuildPhase;
			buildActionMask = 2147483647;
			files = (
				83A32EA11B683F9B008D3650 /* UISearchControllerDemoTests.swift in Sources */,
			);
			runOnlyForDeploymentPostprocessing = 0;
		};
/* End PBXSourcesBuildPhase section */

/* Begin PBXTargetDependency section */
		83A32E9C1B683F9B008D3650 /* PBXTargetDependency */ = {
			isa = PBXTargetDependency;
			target = 83A32E841B683F9B008D3650 /* UISearchControllerDemo */;
			targetProxy = 83A32E9B1B683F9B008D3650 /* PBXContainerItemProxy */;
		};
/* End PBXTargetDependency section */

/* Begin PBXVariantGroup section */
		83A32E8E1B683F9B008D3650 /* Main.storyboard */ = {
			isa = PBXVariantGroup;
			children = (
				83A32E8F1B683F9B008D3650 /* Base */,
			);
			name = Main.storyboard;
			sourceTree = "<group>";
		};
		83A32E931B683F9B008D3650 /* LaunchScreen.xib */ = {
			isa = PBXVariantGroup;
			children = (
				83A32E941B683F9B008D3650 /* Base */,
			);
			name = LaunchScreen.xib;
			sourceTree = "<group>";
		};
/* End PBXVariantGroup section */

/* Begin XCBuildConfiguration section */
		83A32EA21B683F9B008D3650 /* Debug */ = {
			isa = XCBuildConfiguration;
			buildSettings = {
				ALWAYS_SEARCH_USER_PATHS = NO;
				CLANG_CXX_LANGUAGE_STANDARD = "gnu++0x";
				CLANG_CXX_LIBRARY = "libc++";
				CLANG_ENABLE_MODULES = YES;
				CLANG_ENABLE_OBJC_ARC = YES;
				CLANG_WARN_BOOL_CONVERSION = YES;
				CLANG_WARN_CONSTANT_CONVERSION = YES;
				CLANG_WARN_DIRECT_OBJC_ISA_USAGE = YES_ERROR;
				CLANG_WARN_EMPTY_BODY = YES;
				CLANG_WARN_ENUM_CONVERSION = YES;
				CLANG_WARN_INT_CONVERSION = YES;
				CLANG_WARN_OBJC_ROOT_CLASS = YES_ERROR;
				CLANG_WARN_UNREACHABLE_CODE = YES;
				CLANG_WARN__DUPLICATE_METHOD_MATCH = YES;
				"CODE_SIGN_IDENTITY[sdk=iphoneos*]" = "iPhone Developer";
				COPY_PHASE_STRIP = NO;
				DEBUG_INFORMATION_FORMAT = "dwarf-with-dsym";
				ENABLE_STRICT_OBJC_MSGSEND = YES;
				GCC_C_LANGUAGE_STANDARD = gnu99;
				GCC_DYNAMIC_NO_PIC = NO;
				GCC_NO_COMMON_BLOCKS = YES;
				GCC_OPTIMIZATION_LEVEL = 0;
				GCC_PREPROCESSOR_DEFINITIONS = (
					"DEBUG=1",
					"$(inherited)",
				);
				GCC_SYMBOLS_PRIVATE_EXTERN = NO;
				GCC_WARN_64_TO_32_BIT_CONVERSION = YES;
				GCC_WARN_ABOUT_RETURN_TYPE = YES_ERROR;
				GCC_WARN_UNDECLARED_SELECTOR = YES;
				GCC_WARN_UNINITIALIZED_AUTOS = YES_AGGRESSIVE;
				GCC_WARN_UNUSED_FUNCTION = YES;
				GCC_WARN_UNUSED_VARIABLE = YES;
				IPHONEOS_DEPLOYMENT_TARGET = 8.4;
				MTL_ENABLE_DEBUG_INFO = YES;
				ONLY_ACTIVE_ARCH = YES;
				SDKROOT = iphoneos;
				SWIFT_OPTIMIZATION_LEVEL = "-Onone";
				TARGETED_DEVICE_FAMILY = "1,2";
			};
			name = Debug;
		};
		83A32EA31B683F9B008D3650 /* Release */ = {
			isa = XCBuildConfiguration;
			buildSettings = {
				ALWAYS_SEARCH_USER_PATHS = NO;
				CLANG_CXX_LANGUAGE_STANDARD = "gnu++0x";
				CLANG_CXX_LIBRARY = "libc++";
				CLANG_ENABLE_MODULES = YES;
				CLANG_ENABLE_OBJC_ARC = YES;
				CLANG_WARN_BOOL_CONVERSION = YES;
				CLANG_WARN_CONSTANT_CONVERSION = YES;
				CLANG_WARN_DIRECT_OBJC_ISA_USAGE = YES_ERROR;
				CLANG_WARN_EMPTY_BODY = YES;
				CLANG_WARN_ENUM_CONVERSION = YES;
				CLANG_WARN_INT_CONVERSION = YES;
				CLANG_WARN_OBJC_ROOT_CLASS = YES_ERROR;
				CLANG_WARN_UNREACHABLE_CODE = YES;
				CLANG_WARN__DUPLICATE_METHOD_MATCH = YES;
				"CODE_SIGN_IDENTITY[sdk=iphoneos*]" = "iPhone Developer";
				COPY_PHASE_STRIP = NO;
				DEBUG_INFORMATION_FORMAT = "dwarf-with-dsym";
				ENABLE_NS_ASSERTIONS = NO;
				ENABLE_STRICT_OBJC_MSGSEND = YES;
				GCC_C_LANGUAGE_STANDARD = gnu99;
				GCC_NO_COMMON_BLOCKS = YES;
				GCC_WARN_64_TO_32_BIT_CONVERSION = YES;
				GCC_WARN_ABOUT_RETURN_TYPE = YES_ERROR;
				GCC_WARN_UNDECLARED_SELECTOR = YES;
				GCC_WARN_UNINITIALIZED_AUTOS = YES_AGGRESSIVE;
				GCC_WARN_UNUSED_FUNCTION = YES;
				GCC_WARN_UNUSED_VARIABLE = YES;
				IPHONEOS_DEPLOYMENT_TARGET = 8.4;
				MTL_ENABLE_DEBUG_INFO = NO;
				SDKROOT = iphoneos;
				TARGETED_DEVICE_FAMILY = "1,2";
				VALIDATE_PRODUCT = YES;
			};
			name = Release;
		};
		83A32EA51B683F9B008D3650 /* Debug */ = {
			isa = XCBuildConfiguration;
			buildSettings = {
				ASSETCATALOG_COMPILER_APPICON_NAME = AppIcon;
				INFOPLIST_FILE = UISearchControllerDemo/Info.plist;
				LD_RUNPATH_SEARCH_PATHS = "$(inherited) @executable_path/Frameworks";
				PRODUCT_NAME = "$(TARGET_NAME)";
			};
			name = Debug;
		};
		83A32EA61B683F9B008D3650 /* Release */ = {
			isa = XCBuildConfiguration;
			buildSettings = {
				ASSETCATALOG_COMPILER_APPICON_NAME = AppIcon;
				INFOPLIST_FILE = UISearchControllerDemo/Info.plist;
				LD_RUNPATH_SEARCH_PATHS = "$(inherited) @executable_path/Frameworks";
				PRODUCT_NAME = "$(TARGET_NAME)";
			};
			name = Release;
		};
		83A32EA81B683F9B008D3650 /* Debug */ = {
			isa = XCBuildConfiguration;
			buildSettings = {
				BUNDLE_LOADER = "$(TEST_HOST)";
				FRAMEWORK_SEARCH_PATHS = (
					"$(SDKROOT)/Developer/Library/Frameworks",
					"$(inherited)",
				);
				GCC_PREPROCESSOR_DEFINITIONS = (
					"DEBUG=1",
					"$(inherited)",
				);
				INFOPLIST_FILE = UISearchControllerDemoTests/Info.plist;
				LD_RUNPATH_SEARCH_PATHS = "$(inherited) @executable_path/Frameworks @loader_path/Frameworks";
				PRODUCT_NAME = "$(TARGET_NAME)";
				TEST_HOST = "$(BUILT_PRODUCTS_DIR)/UISearchControllerDemo.app/UISearchControllerDemo";
			};
			name = Debug;
		};
		83A32EA91B683F9B008D3650 /* Release */ = {
			isa = XCBuildConfiguration;
			buildSettings = {
				BUNDLE_LOADER = "$(TEST_HOST)";
				FRAMEWORK_SEARCH_PATHS = (
					"$(SDKROOT)/Developer/Library/Frameworks",
					"$(inherited)",
				);
				INFOPLIST_FILE = UISearchControllerDemoTests/Info.plist;
				LD_RUNPATH_SEARCH_PATHS = "$(inherited) @executable_path/Frameworks @loader_path/Frameworks";
				PRODUCT_NAME = "$(TARGET_NAME)";
				TEST_HOST = "$(BUILT_PRODUCTS_DIR)/UISearchControllerDemo.app/UISearchControllerDemo";
			};
			name = Release;
		};
/* End XCBuildConfiguration section */

/* Begin XCConfigurationList section */
		83A32E801B683F9B008D3650 /* Build configuration list for PBXProject "UISearchControllerDemo" */ = {
			isa = XCConfigurationList;
			buildConfigurations = (
				83A32EA21B683F9B008D3650 /* Debug */,
				83A32EA31B683F9B008D3650 /* Release */,
			);
			defaultConfigurationIsVisible = 0;
			defaultConfigurationName = Release;
		};
		83A32EA41B683F9B008D3650 /* Build configuration list for PBXNativeTarget "UISearchControllerDemo" */ = {
			isa = XCConfigurationList;
			buildConfigurations = (
				83A32EA51B683F9B008D3650 /* Debug */,
				83A32EA61B683F9B008D3650 /* Release */,
			);
			defaultConfigurationIsVisible = 0;
		};
		83A32EA71B683F9B008D3650 /* Build configuration list for PBXNativeTarget "UISearchControllerDemoTests" */ = {
			isa = XCConfigurationList;
			buildConfigurations = (
				83A32EA81B683F9B008D3650 /* Debug */,
				83A32EA91B683F9B008D3650 /* Release */,
			);
			defaultConfigurationIsVisible = 0;
		};
/* End XCConfigurationList section */
	};
	rootObject = 83A32E7D1B683F9B008D3650 /* Project object */;
}
